
Microsoft Visual Studio Solution File, Format Version 12.00
# Visual Studio Version 17
VisualStudioVersion = 17.1.32210.238
MinimumVisualStudioVersion = 10.0.40219.1
Project("{9A19103F-16F7-4668-BE54-9A1E7A4F7556}") = "KarcagS.Common.Tests", "KarcagS.Common.Tests\KarcagS.Common.Tests.csproj", "{5A59B42E-B2E6-4FF7-9D7E-D6D1774A5924}"
EndProject
Project("{2150E333-8FDC-42A3-9474-1A3956D46DE8}") = "API", "API", "{39A9A03A-B5A6-44F3-BCEC-DF0051FDC514}"
EndProject
Project("{9A19103F-16F7-4668-BE54-9A1E7A4F7556}") = "KarcagS.Common.Demo", "KarcagS.Common.Demo\KarcagS.Common.Demo.csproj", "{2AF8E18D-714B-4346-B22B-F449F2B0693B}"
EndProject
Project("{2150E333-8FDC-42A3-9474-1A3956D46DE8}") = "Client", "Client", "{5FD9A2E4-5860-4186-A4A5-EB9771E9D34C}"
EndProject
Project("{9A19103F-16F7-4668-BE54-9A1E7A4F7556}") = "KarcagS.Blazor.Common", "KarcagS.Blazor.Common\KarcagS.Blazor.Common.csproj", "{ED8BD237-C1BB-4D1C-8AC1-3B73BCF33CF4}"
EndProject
Project("{9A19103F-16F7-4668-BE54-9A1E7A4F7556}") = "KarcagS.Blazor.Common.Demo", "KarcagS.Blazor.Common.Demo\KarcagS.Blazor.Common.Demo.csproj", "{ADDFEB5D-F1EF-4DDF-B9D5-8050CB010696}"
EndProject
Project("{9A19103F-16F7-4668-BE54-9A1E7A4F7556}") = "KarcagS.Shared", "KarcagS.Shared\KarcagS.Shared.csproj", "{D44B0DA4-B723-423F-914A-5F9149A1FD6F}"
EndProject
Project("{9A19103F-16F7-4668-BE54-9A1E7A4F7556}") = "KarcagS.Shared.Tests", "KarcagS.Shared.Tests\KarcagS.Shared.Tests.csproj", "{FA704870-EA84-4686-A220-83042506B98D}"
EndProject
Project("{FAE04EC0-301F-11D3-BF4B-00C04F79EFBC}") = "KarcagS.Client.Common", "KarcagS.Client.Common\KarcagS.Client.Common.csproj", "{DB772543-7320-407E-BBF0-35FA88A1C750}"
EndProject
Project("{FAE04EC0-301F-11D3-BF4B-00C04F79EFBC}") = "KarcagS.API.Repository", "KarcagS.API.Repository\KarcagS.API.Repository.csproj", "{DD4313C4-46F8-4CA7-B4E8-B23D4196623C}"
EndProject
Project("{FAE04EC0-301F-11D3-BF4B-00C04F79EFBC}") = "KarcagS.API.Shared", "KarcagS.API.Shared\KarcagS.API.Shared.csproj", "{8A5585FB-2EF0-4FB8-A41D-BC86B305790E}"
EndProject
Project("{FAE04EC0-301F-11D3-BF4B-00C04F79EFBC}") = "KarcagS.API.Http", "KarcagS.API.Http\KarcagS.API.Http.csproj", "{34CD5BCF-5480-48A5-8A2C-F8ED1FF88554}"
EndProject
Project("{FAE04EC0-301F-11D3-BF4B-00C04F79EFBC}") = "KarcagS.API.Data", "KarcagS.API.Data\KarcagS.API.Data.csproj", "{97DC28F1-E402-4AD3-AC71-28CDF36170D3}"
EndProject
Project("{FAE04EC0-301F-11D3-BF4B-00C04F79EFBC}") = "KarcagS.API.Mongo", "KarcagS.API.Mongo\KarcagS.API.Mongo.csproj", "{079D8407-B88E-48D8-B47E-DB63ED7D89A2}"
EndProject
Project("{FAE04EC0-301F-11D3-BF4B-00C04F79EFBC}") = "KarcagS.API.Auth", "KarcagS.API.Auth\KarcagS.API.Auth.csproj", "{5FE5B017-A9C5-4663-9AE0-F919DF2B5045}"
EndProject
Project("{FAE04EC0-301F-11D3-BF4B-00C04F79EFBC}") = "KarcagS.API.Mail", "KarcagS.API.Mail\KarcagS.API.Mail.csproj", "{3C24ADC8-993F-4BC7-85CB-12A997C2D4FE}"
EndProject
Project("{FAE04EC0-301F-11D3-BF4B-00C04F79EFBC}") = "KarcagS.API.Export", "KarcagS.API.Export\KarcagS.API.Export.csproj", "{98F9E6DD-BADA-414D-9D80-85EFF66E3FF4}"
EndProject
Project("{FAE04EC0-301F-11D3-BF4B-00C04F79EFBC}") = "KarcagS.API.Table", "KarcagS.API.Table\KarcagS.API.Table.csproj", "{49A15A7B-B06E-42B0-BDD6-8B46F0BF4874}"
EndProject
Project("{FAE04EC0-301F-11D3-BF4B-00C04F79EFBC}") = "KarcagS.API", "KarcagS.API\KarcagS.API.csproj", "{C4660166-CB7F-4A02-822C-09E957AB0811}"
EndProject
Global
	GlobalSection(SolutionConfigurationPlatforms) = preSolution
		Debug|Any CPU = Debug|Any CPU
		Release|Any CPU = Release|Any CPU
	EndGlobalSection
	GlobalSection(ProjectConfigurationPlatforms) = postSolution
		{5A59B42E-B2E6-4FF7-9D7E-D6D1774A5924}.Debug|Any CPU.ActiveCfg = Debug|Any CPU
		{5A59B42E-B2E6-4FF7-9D7E-D6D1774A5924}.Debug|Any CPU.Build.0 = Debug|Any CPU
		{5A59B42E-B2E6-4FF7-9D7E-D6D1774A5924}.Release|Any CPU.ActiveCfg = Release|Any CPU
		{5A59B42E-B2E6-4FF7-9D7E-D6D1774A5924}.Release|Any CPU.Build.0 = Release|Any CPU
		{2AF8E18D-714B-4346-B22B-F449F2B0693B}.Debug|Any CPU.ActiveCfg = Debug|Any CPU
		{2AF8E18D-714B-4346-B22B-F449F2B0693B}.Debug|Any CPU.Build.0 = Debug|Any CPU
		{2AF8E18D-714B-4346-B22B-F449F2B0693B}.Release|Any CPU.ActiveCfg = Release|Any CPU
		{2AF8E18D-714B-4346-B22B-F449F2B0693B}.Release|Any CPU.Build.0 = Release|Any CPU
		{ED8BD237-C1BB-4D1C-8AC1-3B73BCF33CF4}.Debug|Any CPU.ActiveCfg = Debug|Any CPU
		{ED8BD237-C1BB-4D1C-8AC1-3B73BCF33CF4}.Debug|Any CPU.Build.0 = Debug|Any CPU
		{ED8BD237-C1BB-4D1C-8AC1-3B73BCF33CF4}.Release|Any CPU.ActiveCfg = Release|Any CPU
		{ED8BD237-C1BB-4D1C-8AC1-3B73BCF33CF4}.Release|Any CPU.Build.0 = Release|Any CPU
		{ADDFEB5D-F1EF-4DDF-B9D5-8050CB010696}.Debug|Any CPU.ActiveCfg = Debug|Any CPU
		{ADDFEB5D-F1EF-4DDF-B9D5-8050CB010696}.Debug|Any CPU.Build.0 = Debug|Any CPU
		{ADDFEB5D-F1EF-4DDF-B9D5-8050CB010696}.Release|Any CPU.ActiveCfg = Release|Any CPU
		{ADDFEB5D-F1EF-4DDF-B9D5-8050CB010696}.Release|Any CPU.Build.0 = Release|Any CPU
		{D44B0DA4-B723-423F-914A-5F9149A1FD6F}.Debug|Any CPU.ActiveCfg = Debug|Any CPU
		{D44B0DA4-B723-423F-914A-5F9149A1FD6F}.Debug|Any CPU.Build.0 = Debug|Any CPU
		{D44B0DA4-B723-423F-914A-5F9149A1FD6F}.Release|Any CPU.ActiveCfg = Release|Any CPU
		{D44B0DA4-B723-423F-914A-5F9149A1FD6F}.Release|Any CPU.Build.0 = Release|Any CPU
		{FA704870-EA84-4686-A220-83042506B98D}.Debug|Any CPU.ActiveCfg = Debug|Any CPU
		{FA704870-EA84-4686-A220-83042506B98D}.Debug|Any CPU.Build.0 = Debug|Any CPU
		{FA704870-EA84-4686-A220-83042506B98D}.Release|Any CPU.ActiveCfg = Release|Any CPU
		{FA704870-EA84-4686-A220-83042506B98D}.Release|Any CPU.Build.0 = Release|Any CPU
		{DB772543-7320-407E-BBF0-35FA88A1C750}.Debug|Any CPU.ActiveCfg = Debug|Any CPU
		{DB772543-7320-407E-BBF0-35FA88A1C750}.Debug|Any CPU.Build.0 = Debug|Any CPU
		{DB772543-7320-407E-BBF0-35FA88A1C750}.Release|Any CPU.ActiveCfg = Release|Any CPU
		{DB772543-7320-407E-BBF0-35FA88A1C750}.Release|Any CPU.Build.0 = Release|Any CPU
		{DD4313C4-46F8-4CA7-B4E8-B23D4196623C}.Debug|Any CPU.ActiveCfg = Debug|Any CPU
		{DD4313C4-46F8-4CA7-B4E8-B23D4196623C}.Debug|Any CPU.Build.0 = Debug|Any CPU
		{DD4313C4-46F8-4CA7-B4E8-B23D4196623C}.Release|Any CPU.ActiveCfg = Release|Any CPU
		{DD4313C4-46F8-4CA7-B4E8-B23D4196623C}.Release|Any CPU.Build.0 = Release|Any CPU
		{8A5585FB-2EF0-4FB8-A41D-BC86B305790E}.Debug|Any CPU.ActiveCfg = Debug|Any CPU
		{8A5585FB-2EF0-4FB8-A41D-BC86B305790E}.Debug|Any CPU.Build.0 = Debug|Any CPU
		{8A5585FB-2EF0-4FB8-A41D-BC86B305790E}.Release|Any CPU.ActiveCfg = Release|Any CPU
		{8A5585FB-2EF0-4FB8-A41D-BC86B305790E}.Release|Any CPU.Build.0 = Release|Any CPU
		{34CD5BCF-5480-48A5-8A2C-F8ED1FF88554}.Debug|Any CPU.ActiveCfg = Debug|Any CPU
		{34CD5BCF-5480-48A5-8A2C-F8ED1FF88554}.Debug|Any CPU.Build.0 = Debug|Any CPU
		{34CD5BCF-5480-48A5-8A2C-F8ED1FF88554}.Release|Any CPU.ActiveCfg = Release|Any CPU
		{34CD5BCF-5480-48A5-8A2C-F8ED1FF88554}.Release|Any CPU.Build.0 = Release|Any CPU
		{97DC28F1-E402-4AD3-AC71-28CDF36170D3}.Debug|Any CPU.ActiveCfg = Debug|Any CPU
		{97DC28F1-E402-4AD3-AC71-28CDF36170D3}.Debug|Any CPU.Build.0 = Debug|Any CPU
		{97DC28F1-E402-4AD3-AC71-28CDF36170D3}.Release|Any CPU.ActiveCfg = Release|Any CPU
		{97DC28F1-E402-4AD3-AC71-28CDF36170D3}.Release|Any CPU.Build.0 = Release|Any CPU
		{079D8407-B88E-48D8-B47E-DB63ED7D89A2}.Debug|Any CPU.ActiveCfg = Debug|Any CPU
		{079D8407-B88E-48D8-B47E-DB63ED7D89A2}.Debug|Any CPU.Build.0 = Debug|Any CPU
		{079D8407-B88E-48D8-B47E-DB63ED7D89A2}.Release|Any CPU.ActiveCfg = Release|Any CPU
		{079D8407-B88E-48D8-B47E-DB63ED7D89A2}.Release|Any CPU.Build.0 = Release|Any CPU
		{5FE5B017-A9C5-4663-9AE0-F919DF2B5045}.Debug|Any CPU.ActiveCfg = Debug|Any CPU
		{5FE5B017-A9C5-4663-9AE0-F919DF2B5045}.Debug|Any CPU.Build.0 = Debug|Any CPU
		{5FE5B017-A9C5-4663-9AE0-F919DF2B5045}.Release|Any CPU.ActiveCfg = Release|Any CPU
		{5FE5B017-A9C5-4663-9AE0-F919DF2B5045}.Release|Any CPU.Build.0 = Release|Any CPU
		{3C24ADC8-993F-4BC7-85CB-12A997C2D4FE}.Debug|Any CPU.ActiveCfg = Debug|Any CPU
		{3C24ADC8-993F-4BC7-85CB-12A997C2D4FE}.Debug|Any CPU.Build.0 = Debug|Any CPU
		{3C24ADC8-993F-4BC7-85CB-12A997C2D4FE}.Release|Any CPU.ActiveCfg = Release|Any CPU
		{3C24ADC8-993F-4BC7-85CB-12A997C2D4FE}.Release|Any CPU.Build.0 = Release|Any CPU
		{98F9E6DD-BADA-414D-9D80-85EFF66E3FF4}.Debug|Any CPU.ActiveCfg = Debug|Any CPU
		{98F9E6DD-BADA-414D-9D80-85EFF66E3FF4}.Debug|Any CPU.Build.0 = Debug|Any CPU
		{98F9E6DD-BADA-414D-9D80-85EFF66E3FF4}.Release|Any CPU.ActiveCfg = Release|Any CPU
		{98F9E6DD-BADA-414D-9D80-85EFF66E3FF4}.Release|Any CPU.Build.0 = Release|Any CPU
		{49A15A7B-B06E-42B0-BDD6-8B46F0BF4874}.Debug|Any CPU.ActiveCfg = Debug|Any CPU
		{49A15A7B-B06E-42B0-BDD6-8B46F0BF4874}.Debug|Any CPU.Build.0 = Debug|Any CPU
		{49A15A7B-B06E-42B0-BDD6-8B46F0BF4874}.Release|Any CPU.ActiveCfg = Release|Any CPU
		{49A15A7B-B06E-42B0-BDD6-8B46F0BF4874}.Release|Any CPU.Build.0 = Release|Any CPU
		{C4660166-CB7F-4A02-822C-09E957AB0811}.Debug|Any CPU.ActiveCfg = Debug|Any CPU
		{C4660166-CB7F-4A02-822C-09E957AB0811}.Debug|Any CPU.Build.0 = Debug|Any CPU
		{C4660166-CB7F-4A02-822C-09E957AB0811}.Release|Any CPU.ActiveCfg = Release|Any CPU
		{C4660166-CB7F-4A02-822C-09E957AB0811}.Release|Any CPU.Build.0 = Release|Any CPU
	EndGlobalSection
	GlobalSection(SolutionProperties) = preSolution
		HideSolutionNode = FALSE
	EndGlobalSection
	GlobalSection(NestedProjects) = preSolution
		{5A59B42E-B2E6-4FF7-9D7E-D6D1774A5924} = {39A9A03A-B5A6-44F3-BCEC-DF0051FDC514}
		{2AF8E18D-714B-4346-B22B-F449F2B0693B} = {39A9A03A-B5A6-44F3-BCEC-DF0051FDC514}
		{ED8BD237-C1BB-4D1C-8AC1-3B73BCF33CF4} = {5FD9A2E4-5860-4186-A4A5-EB9771E9D34C}
		{ADDFEB5D-F1EF-4DDF-B9D5-8050CB010696} = {5FD9A2E4-5860-4186-A4A5-EB9771E9D34C}
		{DB772543-7320-407E-BBF0-35FA88A1C750} = {5FD9A2E4-5860-4186-A4A5-EB9771E9D34C}
		{DD4313C4-46F8-4CA7-B4E8-B23D4196623C} = {39A9A03A-B5A6-44F3-BCEC-DF0051FDC514}
		{8A5585FB-2EF0-4FB8-A41D-BC86B305790E} = {39A9A03A-B5A6-44F3-BCEC-DF0051FDC514}
		{34CD5BCF-5480-48A5-8A2C-F8ED1FF88554} = {39A9A03A-B5A6-44F3-BCEC-DF0051FDC514}
		{97DC28F1-E402-4AD3-AC71-28CDF36170D3} = {39A9A03A-B5A6-44F3-BCEC-DF0051FDC514}
		{079D8407-B88E-48D8-B47E-DB63ED7D89A2} = {39A9A03A-B5A6-44F3-BCEC-DF0051FDC514}
		{5FE5B017-A9C5-4663-9AE0-F919DF2B5045} = {39A9A03A-B5A6-44F3-BCEC-DF0051FDC514}
		{3C24ADC8-993F-4BC7-85CB-12A997C2D4FE} = {39A9A03A-B5A6-44F3-BCEC-DF0051FDC514}
		{98F9E6DD-BADA-414D-9D80-85EFF66E3FF4} = {39A9A03A-B5A6-44F3-BCEC-DF0051FDC514}
		{49A15A7B-B06E-42B0-BDD6-8B46F0BF4874} = {39A9A03A-B5A6-44F3-BCEC-DF0051FDC514}
		{C4660166-CB7F-4A02-822C-09E957AB0811} = {39A9A03A-B5A6-44F3-BCEC-DF0051FDC514}
	EndGlobalSection
	GlobalSection(ExtensibilityGlobals) = postSolution
		SolutionGuid = {0A570FF8-7CCA-407E-95F3-B62C7F5E0A0B}
	EndGlobalSection
EndGlobal
